
Microsoft Visual Studio Solution File, Format Version 12.00
# Visual Studio Version 17
VisualStudioVersion = 17.13.35825.156 d17.13
MinimumVisualStudioVersion = 10.0.40219.1
Project("{FAE04EC0-301F-11D3-BF4B-00C04F79EFBC}") = "Diccionario", "Diccionario\Diccionario.csproj", "{BE321546-89EE-4FFD-AF0E-AF99C161897A}"
EndProject
Global
	GlobalSection(SolutionConfigurationPlatforms) = preSolution
		Debug|Any CPU = Debug|Any CPU
		Release|Any CPU = Release|Any CPU
	EndGlobalSection
	GlobalSection(ProjectConfigurationPlatforms) = postSolution
		{BE321546-89EE-4FFD-AF0E-AF99C161897A}.Debug|Any CPU.ActiveCfg = Debug|Any CPU
		{BE321546-89EE-4FFD-AF0E-AF99C161897A}.Debug|Any CPU.Build.0 = Debug|Any CPU
		{BE321546-89EE-4FFD-AF0E-AF99C161897A}.Release|Any CPU.ActiveCfg = Release|Any CPU
		{BE321546-89EE-4FFD-AF0E-AF99C161897A}.Release|Any CPU.Build.0 = Release|Any CPU
	EndGlobalSection
	GlobalSection(SolutionProperties) = preSolution
		HideSolutionNode = FALSE
	EndGlobalSection
	GlobalSection(ExtensibilityGlobals) = postSolution
		SolutionGuid = {3FE5146C-C2FC-494B-AA8C-9C51D9F2C078}
	EndGlobalSection
EndGlobal
